
Microsoft Visual Studio Solution File, Format Version 12.00
# Visual Studio Version 17
VisualStudioVersion = 17.0.31903.59
MinimumVisualStudioVersion = 10.0.40219.1
Project("{FAE04EC0-301F-11D3-BF4B-00C04F79EFBC}") = "AdventOfCode", "AdventOfCode\AdventOfCode.csproj", "{F5B86BCA-F6A7-473F-B91A-8033F6473303}"
EndProject
Project("{FAE04EC0-301F-11D3-BF4B-00C04F79EFBC}") = "AdventOfCode.Tests", "AdventOfCode.Tests\AdventOfCode.Tests.csproj", "{88BAE6C0-4881-4A63-9C49-1B20D685640E}"
EndProject
Global
	GlobalSection(SolutionConfigurationPlatforms) = preSolution
		Debug|Any CPU = Debug|Any CPU
		Release|Any CPU = Release|Any CPU
	EndGlobalSection
	GlobalSection(SolutionProperties) = preSolution
		HideSolutionNode = FALSE
	EndGlobalSection
	GlobalSection(ProjectConfigurationPlatforms) = postSolution
		{F5B86BCA-F6A7-473F-B91A-8033F6473303}.Debug|Any CPU.ActiveCfg = Debug|Any CPU
		{F5B86BCA-F6A7-473F-B91A-8033F6473303}.Debug|Any CPU.Build.0 = Debug|Any CPU
		{F5B86BCA-F6A7-473F-B91A-8033F6473303}.Release|Any CPU.ActiveCfg = Release|Any CPU
		{F5B86BCA-F6A7-473F-B91A-8033F6473303}.Release|Any CPU.Build.0 = Release|Any CPU
		{88BAE6C0-4881-4A63-9C49-1B20D685640E}.Debug|Any CPU.ActiveCfg = Debug|Any CPU
		{88BAE6C0-4881-4A63-9C49-1B20D685640E}.Debug|Any CPU.Build.0 = Debug|Any CPU
		{88BAE6C0-4881-4A63-9C49-1B20D685640E}.Release|Any CPU.ActiveCfg = Release|Any CPU
		{88BAE6C0-4881-4A63-9C49-1B20D685640E}.Release|Any CPU.Build.0 = Release|Any CPU
	EndGlobalSection
EndGlobal
